
Microsoft Visual Studio Solution File, Format Version 12.00
# Visual Studio Version 17
VisualStudioVersion = 17.9.34723.18
MinimumVisualStudioVersion = 10.0.40219.1
Project("{FAE04EC0-301F-11D3-BF4B-00C04F79EFBC}") = "MyBookshelf.API", "MyBookshelf.API\MyBookshelf.API.csproj", "{18C83CCF-6308-4568-8F3D-13796AC04904}"
EndProject
Project("{FAE04EC0-301F-11D3-BF4B-00C04F79EFBC}") = "MyBookshelf.Communication", "MyBookshelf.Communication\MyBookshelf.Communication.csproj", "{1C51867A-F808-4AA3-8128-498CAAFCDCB2}"
EndProject
Project("{FAE04EC0-301F-11D3-BF4B-00C04F79EFBC}") = "MyBookshelf.Application", "MyBookshelf.Application\MyBookshelf.Application.csproj", "{31FF052E-32BC-4AAE-8DCD-798348B3C7FE}"
EndProject
Global
	GlobalSection(SolutionConfigurationPlatforms) = preSolution
		Debug|Any CPU = Debug|Any CPU
		Release|Any CPU = Release|Any CPU
	EndGlobalSection
	GlobalSection(ProjectConfigurationPlatforms) = postSolution
		{18C83CCF-6308-4568-8F3D-13796AC04904}.Debug|Any CPU.ActiveCfg = Debug|Any CPU
		{18C83CCF-6308-4568-8F3D-13796AC04904}.Debug|Any CPU.Build.0 = Debug|Any CPU
		{18C83CCF-6308-4568-8F3D-13796AC04904}.Release|Any CPU.ActiveCfg = Release|Any CPU
		{18C83CCF-6308-4568-8F3D-13796AC04904}.Release|Any CPU.Build.0 = Release|Any CPU
		{1C51867A-F808-4AA3-8128-498CAAFCDCB2}.Debug|Any CPU.ActiveCfg = Debug|Any CPU
		{1C51867A-F808-4AA3-8128-498CAAFCDCB2}.Debug|Any CPU.Build.0 = Debug|Any CPU
		{1C51867A-F808-4AA3-8128-498CAAFCDCB2}.Release|Any CPU.ActiveCfg = Release|Any CPU
		{1C51867A-F808-4AA3-8128-498CAAFCDCB2}.Release|Any CPU.Build.0 = Release|Any CPU
		{31FF052E-32BC-4AAE-8DCD-798348B3C7FE}.Debug|Any CPU.ActiveCfg = Debug|Any CPU
		{31FF052E-32BC-4AAE-8DCD-798348B3C7FE}.Debug|Any CPU.Build.0 = Debug|Any CPU
		{31FF052E-32BC-4AAE-8DCD-798348B3C7FE}.Release|Any CPU.ActiveCfg = Release|Any CPU
		{31FF052E-32BC-4AAE-8DCD-798348B3C7FE}.Release|Any CPU.Build.0 = Release|Any CPU
	EndGlobalSection
	GlobalSection(SolutionProperties) = preSolution
		HideSolutionNode = FALSE
	EndGlobalSection
	GlobalSection(ExtensibilityGlobals) = postSolution
		SolutionGuid = {F497D356-8441-4688-AD32-B4F38153B29D}
	EndGlobalSection
EndGlobal
